
Microsoft Visual Studio Solution File, Format Version 12.00
# Visual Studio Version 17
VisualStudioVersion = 17.4.33205.214
MinimumVisualStudioVersion = 10.0.40219.1
Project("{9A19103F-16F7-4668-BE54-9A1E7A4F7556}") = "MyFirstAvaloniaApp", "MyFirstAvaloniaApp\MyFirstAvaloniaApp.csproj", "{D5D7830C-744B-4676-A515-B3B775C0F609}"
EndProject
Project("{FAE04EC0-301F-11D3-BF4B-00C04F79EFBC}") = "TestMyFirstAvaloniaApp", "TestMyFirstAvaloniaApp\TestMyFirstAvaloniaApp.csproj", "{75AC9266-3C14-4B2E-BD03-8842AC7D5D48}"
EndProject
Global
	GlobalSection(SolutionConfigurationPlatforms) = preSolution
		Debug|Any CPU = Debug|Any CPU
		Release|Any CPU = Release|Any CPU
	EndGlobalSection
	GlobalSection(ProjectConfigurationPlatforms) = postSolution
		{D5D7830C-744B-4676-A515-B3B775C0F609}.Debug|Any CPU.ActiveCfg = Debug|Any CPU
		{D5D7830C-744B-4676-A515-B3B775C0F609}.Debug|Any CPU.Build.0 = Debug|Any CPU
		{D5D7830C-744B-4676-A515-B3B775C0F609}.Release|Any CPU.ActiveCfg = Release|Any CPU
		{D5D7830C-744B-4676-A515-B3B775C0F609}.Release|Any CPU.Build.0 = Release|Any CPU
		{75AC9266-3C14-4B2E-BD03-8842AC7D5D48}.Debug|Any CPU.ActiveCfg = Debug|Any CPU
		{75AC9266-3C14-4B2E-BD03-8842AC7D5D48}.Debug|Any CPU.Build.0 = Debug|Any CPU
		{75AC9266-3C14-4B2E-BD03-8842AC7D5D48}.Release|Any CPU.ActiveCfg = Release|Any CPU
		{75AC9266-3C14-4B2E-BD03-8842AC7D5D48}.Release|Any CPU.Build.0 = Release|Any CPU
	EndGlobalSection
	GlobalSection(SolutionProperties) = preSolution
		HideSolutionNode = FALSE
	EndGlobalSection
	GlobalSection(ExtensibilityGlobals) = postSolution
		SolutionGuid = {A4A269E8-1701-4992-B3DD-FEAB1C599C90}
	EndGlobalSection
EndGlobal
